
Microsoft Visual Studio Solution File, Format Version 12.00
# Visual Studio 14
VisualStudioVersion = 14.0.23107.0
MinimumVisualStudioVersion = 10.0.40219.1
Project("{FAE04EC0-301F-11D3-BF4B-00C04F79EFBC}") = "ImmutableArchitecture", "src\ImmutableArchitecture\ImmutableArchitecture.csproj", "{14129EF2-BB73-4B93-A091-F0387468C694}"
EndProject
Project("{FAE04EC0-301F-11D3-BF4B-00C04F79EFBC}") = "ImmutableArchitecture.Tests", "src\ImmutableArchitecture.Tests\ImmutableArchitecture.Tests.csproj", "{8439BC28-0FA2-4FFF-996F-BC983EDE5FD1}"
EndProject
Project("{2150E333-8FDC-42A3-9474-1A3956D46DE8}") = "Solution Items", "Solution Items", "{2B9A8471-A82B-4F8D-9904-8C9851EBD9EE}"
	ProjectSection(SolutionItems) = preProject
		.gitignore = .gitignore
		README.md = README.md
	EndProjectSection
EndProject
Global
	GlobalSection(SolutionConfigurationPlatforms) = preSolution
		Debug|Any CPU = Debug|Any CPU
		Release|Any CPU = Release|Any CPU
	EndGlobalSection
	GlobalSection(ProjectConfigurationPlatforms) = postSolution
		{14129EF2-BB73-4B93-A091-F0387468C694}.Debug|Any CPU.ActiveCfg = Debug|Any CPU
		{14129EF2-BB73-4B93-A091-F0387468C694}.Debug|Any CPU.Build.0 = Debug|Any CPU
		{14129EF2-BB73-4B93-A091-F0387468C694}.Release|Any CPU.ActiveCfg = Release|Any CPU
		{14129EF2-BB73-4B93-A091-F0387468C694}.Release|Any CPU.Build.0 = Release|Any CPU
		{8439BC28-0FA2-4FFF-996F-BC983EDE5FD1}.Debug|Any CPU.ActiveCfg = Debug|Any CPU
		{8439BC28-0FA2-4FFF-996F-BC983EDE5FD1}.Debug|Any CPU.Build.0 = Debug|Any CPU
		{8439BC28-0FA2-4FFF-996F-BC983EDE5FD1}.Release|Any CPU.ActiveCfg = Release|Any CPU
		{8439BC28-0FA2-4FFF-996F-BC983EDE5FD1}.Release|Any CPU.Build.0 = Release|Any CPU
	EndGlobalSection
	GlobalSection(SolutionProperties) = preSolution
		HideSolutionNode = FALSE
	EndGlobalSection
EndGlobal
